
Microsoft Visual Studio Solution File, Format Version 12.00
# Visual Studio Version 17
VisualStudioVersion = 17.11.35312.102
MinimumVisualStudioVersion = 10.0.40219.1
Project("{FAE04EC0-301F-11D3-BF4B-00C04F79EFBC}") = "PIS2", "PIS2\PIS2.csproj", "{49919320-2C9A-46C3-A609-F5C83259033E}"
EndProject
Project("{FAE04EC0-301F-11D3-BF4B-00C04F79EFBC}") = "tests", "tests\tests.csproj", "{9EBCEDD2-7DC2-43EA-86D8-45D128B33107}"
EndProject
Global
	GlobalSection(SolutionConfigurationPlatforms) = preSolution
		Debug|Any CPU = Debug|Any CPU
		Release|Any CPU = Release|Any CPU
	EndGlobalSection
	GlobalSection(ProjectConfigurationPlatforms) = postSolution
		{49919320-2C9A-46C3-A609-F5C83259033E}.Debug|Any CPU.ActiveCfg = Debug|Any CPU
		{49919320-2C9A-46C3-A609-F5C83259033E}.Debug|Any CPU.Build.0 = Debug|Any CPU
		{49919320-2C9A-46C3-A609-F5C83259033E}.Release|Any CPU.ActiveCfg = Release|Any CPU
		{49919320-2C9A-46C3-A609-F5C83259033E}.Release|Any CPU.Build.0 = Release|Any CPU
		{9EBCEDD2-7DC2-43EA-86D8-45D128B33107}.Debug|Any CPU.ActiveCfg = Debug|Any CPU
		{9EBCEDD2-7DC2-43EA-86D8-45D128B33107}.Debug|Any CPU.Build.0 = Debug|Any CPU
		{9EBCEDD2-7DC2-43EA-86D8-45D128B33107}.Release|Any CPU.ActiveCfg = Release|Any CPU
		{9EBCEDD2-7DC2-43EA-86D8-45D128B33107}.Release|Any CPU.Build.0 = Release|Any CPU
	EndGlobalSection
	GlobalSection(SolutionProperties) = preSolution
		HideSolutionNode = FALSE
	EndGlobalSection
	GlobalSection(ExtensibilityGlobals) = postSolution
		SolutionGuid = {4C874844-40DA-4322-876D-115CA1D5F806}
	EndGlobalSection
EndGlobal
